
Microsoft Visual Studio Solution File, Format Version 12.00
# Visual Studio Version 17
VisualStudioVersion = 17.9.34728.123
MinimumVisualStudioVersion = 10.0.40219.1
Project("{FAE04EC0-301F-11D3-BF4B-00C04F79EFBC}") = "TodoApi", "TodoApi\TodoApi.csproj", "{8113A90D-4199-44DC-9597-C689AD8320CC}"
EndProject
Global
	GlobalSection(SolutionConfigurationPlatforms) = preSolution
		Debug|Any CPU = Debug|Any CPU
		Release|Any CPU = Release|Any CPU
	EndGlobalSection
	GlobalSection(ProjectConfigurationPlatforms) = postSolution
		{8113A90D-4199-44DC-9597-C689AD8320CC}.Debug|Any CPU.ActiveCfg = Debug|Any CPU
		{8113A90D-4199-44DC-9597-C689AD8320CC}.Debug|Any CPU.Build.0 = Debug|Any CPU
		{8113A90D-4199-44DC-9597-C689AD8320CC}.Release|Any CPU.ActiveCfg = Release|Any CPU
		{8113A90D-4199-44DC-9597-C689AD8320CC}.Release|Any CPU.Build.0 = Release|Any CPU
	EndGlobalSection
	GlobalSection(SolutionProperties) = preSolution
		HideSolutionNode = FALSE
	EndGlobalSection
	GlobalSection(ExtensibilityGlobals) = postSolution
		SolutionGuid = {D2D758C0-A12E-472A-8AFC-668104A11245}
	EndGlobalSection
EndGlobal
